
Microsoft Visual Studio Solution File, Format Version 12.00
# Visual Studio 2013
VisualStudioVersion = 12.0.31101.0
MinimumVisualStudioVersion = 10.0.40219.1
Project("{FAE04EC0-301F-11D3-BF4B-00C04F79EFBC}") = "sozialweb", "sozialweb\sozialweb.csproj", "{35B8CC27-AE16-4E4D-9274-7A46C354FA24}"
EndProject
Project("{FAE04EC0-301F-11D3-BF4B-00C04F79EFBC}") = "sozialweb.Tests", "sozialweb.Tests\sozialweb.Tests.csproj", "{43F7C11E-6533-4A18-AAD2-6A13D163C8CD}"
EndProject
Global
	GlobalSection(SolutionConfigurationPlatforms) = preSolution
		Debug|Any CPU = Debug|Any CPU
		Release|Any CPU = Release|Any CPU
	EndGlobalSection
	GlobalSection(ProjectConfigurationPlatforms) = postSolution
		{35B8CC27-AE16-4E4D-9274-7A46C354FA24}.Debug|Any CPU.ActiveCfg = Debug|Any CPU
		{35B8CC27-AE16-4E4D-9274-7A46C354FA24}.Debug|Any CPU.Build.0 = Debug|Any CPU
		{35B8CC27-AE16-4E4D-9274-7A46C354FA24}.Release|Any CPU.ActiveCfg = Release|Any CPU
		{35B8CC27-AE16-4E4D-9274-7A46C354FA24}.Release|Any CPU.Build.0 = Release|Any CPU
		{43F7C11E-6533-4A18-AAD2-6A13D163C8CD}.Debug|Any CPU.ActiveCfg = Debug|Any CPU
		{43F7C11E-6533-4A18-AAD2-6A13D163C8CD}.Debug|Any CPU.Build.0 = Debug|Any CPU
		{43F7C11E-6533-4A18-AAD2-6A13D163C8CD}.Release|Any CPU.ActiveCfg = Release|Any CPU
		{43F7C11E-6533-4A18-AAD2-6A13D163C8CD}.Release|Any CPU.Build.0 = Release|Any CPU
	EndGlobalSection
	GlobalSection(SolutionProperties) = preSolution
		HideSolutionNode = FALSE
	EndGlobalSection
EndGlobal
